
Microsoft Visual Studio Solution File, Format Version 12.00
# Visual Studio Version 17
VisualStudioVersion = 17.9.34616.47
MinimumVisualStudioVersion = 10.0.40219.1
Project("{FAE04EC0-301F-11D3-BF4B-00C04F79EFBC}") = "InterfaceAbstraction", "InterfaceAbstraction\InterfaceAbstraction.csproj", "{EC63955D-6D63-424E-B62E-C3A85445959E}"
EndProject
Global
	GlobalSection(SolutionConfigurationPlatforms) = preSolution
		Debug|Any CPU = Debug|Any CPU
		Release|Any CPU = Release|Any CPU
	EndGlobalSection
	GlobalSection(ProjectConfigurationPlatforms) = postSolution
		{EC63955D-6D63-424E-B62E-C3A85445959E}.Debug|Any CPU.ActiveCfg = Debug|Any CPU
		{EC63955D-6D63-424E-B62E-C3A85445959E}.Debug|Any CPU.Build.0 = Debug|Any CPU
		{EC63955D-6D63-424E-B62E-C3A85445959E}.Release|Any CPU.ActiveCfg = Release|Any CPU
		{EC63955D-6D63-424E-B62E-C3A85445959E}.Release|Any CPU.Build.0 = Release|Any CPU
	EndGlobalSection
	GlobalSection(SolutionProperties) = preSolution
		HideSolutionNode = FALSE
	EndGlobalSection
	GlobalSection(ExtensibilityGlobals) = postSolution
		SolutionGuid = {E941981D-7857-404A-9280-2B9203AD0AC7}
	EndGlobalSection
EndGlobal
